// !$*UTF8*$!
{
	archiveVersion = 1;
	classes = {
	};
	objectVersion = 50;
	objects = {

/* Begin PBXBuildFile section */
		64071B0B22784D0800EBF56E /* LoginModuleCookieService.m in Sources */ = {isa = PBXBuildFile; fileRef = 64071B0A22784D0800EBF56E /* LoginModuleCookieService.m */; };
		64071B0D22784D7000EBF56E /* LoginModule.plist in Resources */ = {isa = PBXBuildFile; fileRef = 64071B0C22784D7000EBF56E /* LoginModule.plist */; };
		64071B1022784DC400EBF56E /* LoginModuleAsyncService.m in Sources */ = {isa = PBXBuildFile; fileRef = 64071B0F22784DC400EBF56E /* LoginModuleAsyncService.m */; };
		BA32583A2275EC890026767D /* IQService.m in Sources */ = {isa = PBXBuildFile; fileRef = BA3258392275EC890026767D /* IQService.m */; };
		BA32583B2275EC890026767D /* IQService.h in CopyFiles */ = {isa = PBXBuildFile; fileRef = BA3258382275EC890026767D /* IQService.h */; };
		BA3258492275ED920026767D /* AppDelegate.m in Sources */ = {isa = PBXBuildFile; fileRef = BA3258482275ED920026767D /* AppDelegate.m */; };
		BA32584C2275ED920026767D /* ViewController.m in Sources */ = {isa = PBXBuildFile; fileRef = BA32584B2275ED920026767D /* ViewController.m */; };
		BA32584F2275ED920026767D /* Main.storyboard in Resources */ = {isa = PBXBuildFile; fileRef = BA32584D2275ED920026767D /* Main.storyboard */; };
		BA3258512275ED940026767D /* Assets.xcassets in Resources */ = {isa = PBXBuildFile; fileRef = BA3258502275ED940026767D /* Assets.xcassets */; };
		BA3258542275ED940026767D /* LaunchScreen.storyboard in Resources */ = {isa = PBXBuildFile; fileRef = BA3258522275ED940026767D /* LaunchScreen.storyboard */; };
		BA3258572275ED940026767D /* main.m in Sources */ = {isa = PBXBuildFile; fileRef = BA3258562275ED940026767D /* main.m */; };
		BA32585E2275F1550026767D /* IQPrintClassNameService.m in Sources */ = {isa = PBXBuildFile; fileRef = BA32585D2275F1550026767D /* IQPrintClassNameService.m */; };
		BA3258642275F3E60026767D /* IQService.m in Sources */ = {isa = PBXBuildFile; fileRef = BA3258392275EC890026767D /* IQService.m */; };
		BA6881672279DE890092316F /* IQService.plist in Sources */ = {isa = PBXBuildFile; fileRef = BA32585B2275F0190026767D /* IQService.plist */; };
/* End PBXBuildFile section */

/* Begin PBXContainerItemProxy section */
		BA3258622275F3C90026767D /* PBXContainerItemProxy */ = {
			isa = PBXContainerItemProxy;
			containerPortal = BA32582D2275EC890026767D /* Project object */;
			proxyType = 1;
			remoteGlobalIDString = BA3258342275EC890026767D;
			remoteInfo = IQService;
		};
/* End PBXContainerItemProxy section */

/* Begin PBXCopyFilesBuildPhase section */
		BA3258332275EC890026767D /* CopyFiles */ = {
			isa = PBXCopyFilesBuildPhase;
			buildActionMask = 2147483647;
			dstPath = "include/$(PRODUCT_NAME)";
			dstSubfolderSpec = 16;
			files = (
				BA32583B2275EC890026767D /* IQService.h in CopyFiles */,
			);
			runOnlyForDeploymentPostprocessing = 0;
		};
/* End PBXCopyFilesBuildPhase section */

/* Begin PBXFileReference section */
		64071B0922784D0800EBF56E /* LoginModuleCookieService.h */ = {isa = PBXFileReference; fileEncoding = 4; lastKnownFileType = sourcecode.c.h; path = LoginModuleCookieService.h; sourceTree = "<group>"; };
		64071B0A22784D0800EBF56E /* LoginModuleCookieService.m */ = {isa = PBXFileReference; fileEncoding = 4; lastKnownFileType = sourcecode.c.objc; path = LoginModuleCookieService.m; sourceTree = "<group>"; };
		64071B0C22784D7000EBF56E /* LoginModule.plist */ = {isa = PBXFileReference; lastKnownFileType = text.plist.xml; path = LoginModule.plist; sourceTree = "<group>"; };
		64071B0E22784DC400EBF56E /* LoginModuleAsyncService.h */ = {isa = PBXFileReference; lastKnownFileType = sourcecode.c.h; path = LoginModuleAsyncService.h; sourceTree = "<group>"; };
		64071B0F22784DC400EBF56E /* LoginModuleAsyncService.m */ = {isa = PBXFileReference; lastKnownFileType = sourcecode.c.objc; path = LoginModuleAsyncService.m; sourceTree = "<group>"; };
		BA3258352275EC890026767D /* libIQService.a */ = {isa = PBXFileReference; explicitFileType = archive.ar; includeInIndex = 0; path = libIQService.a; sourceTree = BUILT_PRODUCTS_DIR; };
		BA3258382275EC890026767D /* IQService.h */ = {isa = PBXFileReference; lastKnownFileType = sourcecode.c.h; path = IQService.h; sourceTree = "<group>"; };
		BA3258392275EC890026767D /* IQService.m */ = {isa = PBXFileReference; lastKnownFileType = sourcecode.c.objc; path = IQService.m; sourceTree = "<group>"; };
		BA3258452275ED920026767D /* IQServiceDemo.app */ = {isa = PBXFileReference; explicitFileType = wrapper.application; includeInIndex = 0; path = IQServiceDemo.app; sourceTree = BUILT_PRODUCTS_DIR; };
		BA3258472275ED920026767D /* AppDelegate.h */ = {isa = PBXFileReference; lastKnownFileType = sourcecode.c.h; path = AppDelegate.h; sourceTree = "<group>"; };
		BA3258482275ED920026767D /* AppDelegate.m */ = {isa = PBXFileReference; lastKnownFileType = sourcecode.c.objc; path = AppDelegate.m; sourceTree = "<group>"; };
		BA32584A2275ED920026767D /* ViewController.h */ = {isa = PBXFileReference; lastKnownFileType = sourcecode.c.h; path = ViewController.h; sourceTree = "<group>"; };
		BA32584B2275ED920026767D /* ViewController.m */ = {isa = PBXFileReference; lastKnownFileType = sourcecode.c.objc; path = ViewController.m; sourceTree = "<group>"; };
		BA32584E2275ED920026767D /* Base */ = {isa = PBXFileReference; lastKnownFileType = file.storyboard; name = Base; path = Base.lproj/Main.storyboard; sourceTree = "<group>"; };
		BA3258502275ED940026767D /* Assets.xcassets */ = {isa = PBXFileReference; lastKnownFileType = folder.assetcatalog; path = Assets.xcassets; sourceTree = "<group>"; };
		BA3258532275ED940026767D /* Base */ = {isa = PBXFileReference; lastKnownFileType = file.storyboard; name = Base; path = Base.lproj/LaunchScreen.storyboard; sourceTree = "<group>"; };
		BA3258552275ED940026767D /* Info.plist */ = {isa = PBXFileReference; lastKnownFileType = text.plist.xml; path = Info.plist; sourceTree = "<group>"; };
		BA3258562275ED940026767D /* main.m */ = {isa = PBXFileReference; lastKnownFileType = sourcecode.c.objc; path = main.m; sourceTree = "<group>"; };
		BA32585B2275F0190026767D /* IQService.plist */ = {isa = PBXFileReference; lastKnownFileType = text.plist.xml; path = IQService.plist; sourceTree = "<group>"; };
		BA32585C2275F1550026767D /* IQPrintClassNameService.h */ = {isa = PBXFileReference; lastKnownFileType = sourcecode.c.h; path = IQPrintClassNameService.h; sourceTree = "<group>"; };
		BA32585D2275F1550026767D /* IQPrintClassNameService.m */ = {isa = PBXFileReference; lastKnownFileType = sourcecode.c.objc; path = IQPrintClassNameService.m; sourceTree = "<group>"; };
/* End PBXFileReference section */

/* Begin PBXFrameworksBuildPhase section */
		BA3258322275EC890026767D /* Frameworks */ = {
			isa = PBXFrameworksBuildPhase;
			buildActionMask = 2147483647;
			files = (
			);
			runOnlyForDeploymentPostprocessing = 0;
		};
		BA3258422275ED920026767D /* Frameworks */ = {
			isa = PBXFrameworksBuildPhase;
			buildActionMask = 2147483647;
			files = (
			);
			runOnlyForDeploymentPostprocessing = 0;
		};
/* End PBXFrameworksBuildPhase section */

/* Begin PBXGroup section */
		64071B0822784D0800EBF56E /* MicroServices */ = {
			isa = PBXGroup;
			children = (
				64071B0922784D0800EBF56E /* LoginModuleCookieService.h */,
				64071B0A22784D0800EBF56E /* LoginModuleCookieService.m */,
				64071B0E22784DC400EBF56E /* LoginModuleAsyncService.h */,
				64071B0F22784DC400EBF56E /* LoginModuleAsyncService.m */,
				64071B0C22784D7000EBF56E /* LoginModule.plist */,
			);
			path = MicroServices;
			sourceTree = "<group>";
		};
		BA32582C2275EC890026767D = {
			isa = PBXGroup;
			children = (
				BA3258372275EC890026767D /* IQService */,
				BA3258462275ED920026767D /* IQServiceDemo */,
				BA3258362275EC890026767D /* Products */,
			);
			sourceTree = "<group>";
		};
		BA3258362275EC890026767D /* Products */ = {
			isa = PBXGroup;
			children = (
				BA3258352275EC890026767D /* libIQService.a */,
				BA3258452275ED920026767D /* IQServiceDemo.app */,
			);
			name = Products;
			sourceTree = "<group>";
		};
		BA3258372275EC890026767D /* IQService */ = {
			isa = PBXGroup;
			children = (
				BA3258382275EC890026767D /* IQService.h */,
				BA3258392275EC890026767D /* IQService.m */,
				BA32585B2275F0190026767D /* IQService.plist */,
			);
			path = IQService;
			sourceTree = "<group>";
		};
		BA3258462275ED920026767D /* IQServiceDemo */ = {
			isa = PBXGroup;
			children = (
				64071B0822784D0800EBF56E /* MicroServices */,
				BA3258472275ED920026767D /* AppDelegate.h */,
				BA3258482275ED920026767D /* AppDelegate.m */,
				BA32584A2275ED920026767D /* ViewController.h */,
				BA32584B2275ED920026767D /* ViewController.m */,
				BA32584D2275ED920026767D /* Main.storyboard */,
				BA3258502275ED940026767D /* Assets.xcassets */,
				BA3258522275ED940026767D /* LaunchScreen.storyboard */,
				BA3258552275ED940026767D /* Info.plist */,
				BA3258562275ED940026767D /* main.m */,
				BA32585C2275F1550026767D /* IQPrintClassNameService.h */,
				BA32585D2275F1550026767D /* IQPrintClassNameService.m */,
			);
			path = IQServiceDemo;
			sourceTree = "<group>";
		};
/* End PBXGroup section */

/* Begin PBXNativeTarget section */
		BA3258342275EC890026767D /* IQService */ = {
			isa = PBXNativeTarget;
			buildConfigurationList = BA32583E2275EC890026767D /* Build configuration list for PBXNativeTarget "IQService" */;
			buildPhases = (
				BA3258312275EC890026767D /* Sources */,
				BA3258322275EC890026767D /* Frameworks */,
				BA3258332275EC890026767D /* CopyFiles */,
			);
			buildRules = (
			);
			dependencies = (
			);
			name = IQService;
			productName = IQService;
			productReference = BA3258352275EC890026767D /* libIQService.a */;
			productType = "com.apple.product-type.library.static";
		};
		BA3258442275ED920026767D /* IQServiceDemo */ = {
			isa = PBXNativeTarget;
			buildConfigurationList = BA32585A2275ED940026767D /* Build configuration list for PBXNativeTarget "IQServiceDemo" */;
			buildPhases = (
				BA3258412275ED920026767D /* Sources */,
				BA3258422275ED920026767D /* Frameworks */,
				BA3258432275ED920026767D /* Resources */,
			);
			buildRules = (
			);
			dependencies = (
				BA3258632275F3C90026767D /* PBXTargetDependency */,
			);
			name = IQServiceDemo;
			productName = IQServiceDemo;
			productReference = BA3258452275ED920026767D /* IQServiceDemo.app */;
			productType = "com.apple.product-type.application";
		};
/* End PBXNativeTarget section */

/* Begin PBXProject section */
		BA32582D2275EC890026767D /* Project object */ = {
			isa = PBXProject;
			attributes = {
				LastUpgradeCheck = 1020;
				ORGANIZATIONNAME = lobster;
				TargetAttributes = {
					BA3258342275EC890026767D = {
						CreatedOnToolsVersion = 10.2.1;
					};
					BA3258442275ED920026767D = {
						CreatedOnToolsVersion = 10.2.1;
					};
				};
			};
			buildConfigurationList = BA3258302275EC890026767D /* Build configuration list for PBXProject "IQService" */;
			compatibilityVersion = "Xcode 9.3";
			developmentRegion = en;
			hasScannedForEncodings = 0;
			knownRegions = (
				en,
				Base,
			);
			mainGroup = BA32582C2275EC890026767D;
			productRefGroup = BA3258362275EC890026767D /* Products */;
			projectDirPath = "";
			projectRoot = "";
			targets = (
				BA3258342275EC890026767D /* IQService */,
				BA3258442275ED920026767D /* IQServiceDemo */,
			);
		};
/* End PBXProject section */

/* Begin PBXResourcesBuildPhase section */
		BA3258432275ED920026767D /* Resources */ = {
			isa = PBXResourcesBuildPhase;
			buildActionMask = 2147483647;
			files = (
				BA3258542275ED940026767D /* LaunchScreen.storyboard in Resources */,
				BA3258512275ED940026767D /* Assets.xcassets in Resources */,
				64071B0D22784D7000EBF56E /* LoginModule.plist in Resources */,
				BA32584F2275ED920026767D /* Main.storyboard in Resources */,
			);
			runOnlyForDeploymentPostprocessing = 0;
		};
/* End PBXResourcesBuildPhase section */

/* Begin PBXSourcesBuildPhase section */
		BA3258312275EC890026767D /* Sources */ = {
			isa = PBXSourcesBuildPhase;
			buildActionMask = 2147483647;
			files = (
				BA32583A2275EC890026767D /* IQService.m in Sources */,
			);
			runOnlyForDeploymentPostprocessing = 0;
		};
		BA3258412275ED920026767D /* Sources */ = {
			isa = PBXSourcesBuildPhase;
			buildActionMask = 2147483647;
			files = (
				BA6881672279DE890092316F /* IQService.plist in Sources */,
				BA3258642275F3E60026767D /* IQService.m in Sources */,
				BA32584C2275ED920026767D /* ViewController.m in Sources */,
				BA3258572275ED940026767D /* main.m in Sources */,
				64071B1022784DC400EBF56E /* LoginModuleAsyncService.m in Sources */,
				64071B0B22784D0800EBF56E /* LoginModuleCookieService.m in Sources */,
				BA3258492275ED920026767D /* AppDelegate.m in Sources */,
				BA32585E2275F1550026767D /* IQPrintClassNameService.m in Sources */,
			);
			runOnlyForDeploymentPostprocessing = 0;
		};
/* End PBXSourcesBuildPhase section */

/* Begin PBXTargetDependency section */
		BA3258632275F3C90026767D /* PBXTargetDependency */ = {
			isa = PBXTargetDependency;
			target = BA3258342275EC890026767D /* IQService */;
			targetProxy = BA3258622275F3C90026767D /* PBXContainerItemProxy */;
		};
/* End PBXTargetDependency section */

/* Begin PBXVariantGroup section */
		BA32584D2275ED920026767D /* Main.storyboard */ = {
			isa = PBXVariantGroup;
			children = (
				BA32584E2275ED920026767D /* Base */,
			);
			name = Main.storyboard;
			sourceTree = "<group>";
		};
		BA3258522275ED940026767D /* LaunchScreen.storyboard */ = {
			isa = PBXVariantGroup;
			children = (
				BA3258532275ED940026767D /* Base */,
			);
			name = LaunchScreen.storyboard;
			sourceTree = "<group>";
		};
/* End PBXVariantGroup section */

/* Begin XCBuildConfiguration section */
		BA32583C2275EC890026767D /* Debug */ = {
			isa = XCBuildConfiguration;
			buildSettings = {
				ALWAYS_SEARCH_USER_PATHS = NO;
				CLANG_ANALYZER_NONNULL = YES;
				CLANG_ANALYZER_NUMBER_OBJECT_CONVERSION = YES_AGGRESSIVE;
				CLANG_CXX_LANGUAGE_STANDARD = "gnu++14";
				CLANG_CXX_LIBRARY = "libc++";
				CLANG_ENABLE_MODULES = YES;
				CLANG_ENABLE_OBJC_ARC = YES;
				CLANG_ENABLE_OBJC_WEAK = YES;
				CLANG_WARN_BLOCK_CAPTURE_AUTORELEASING = YES;
				CLANG_WARN_BOOL_CONVERSION = YES;
				CLANG_WARN_COMMA = YES;
				CLANG_WARN_CONSTANT_CONVERSION = YES;
				CLANG_WARN_DEPRECATED_OBJC_IMPLEMENTATIONS = YES;
				CLANG_WARN_DIRECT_OBJC_ISA_USAGE = YES_ERROR;
				CLANG_WARN_DOCUMENTATION_COMMENTS = YES;
				CLANG_WARN_EMPTY_BODY = YES;
				CLANG_WARN_ENUM_CONVERSION = YES;
				CLANG_WARN_INFINITE_RECURSION = YES;
				CLANG_WARN_INT_CONVERSION = YES;
				CLANG_WARN_NON_LITERAL_NULL_CONVERSION = YES;
				CLANG_WARN_OBJC_IMPLICIT_RETAIN_SELF = YES;
				CLANG_WARN_OBJC_LITERAL_CONVERSION = YES;
				CLANG_WARN_OBJC_ROOT_CLASS = YES_ERROR;
				CLANG_WARN_RANGE_LOOP_ANALYSIS = YES;
				CLANG_WARN_STRICT_PROTOTYPES = YES;
				CLANG_WARN_SUSPICIOUS_MOVE = YES;
				CLANG_WARN_UNGUARDED_AVAILABILITY = YES_AGGRESSIVE;
				CLANG_WARN_UNREACHABLE_CODE = YES;
				CLANG_WARN__DUPLICATE_METHOD_MATCH = YES;
				CODE_SIGN_IDENTITY = "iPhone Developer";
				COPY_PHASE_STRIP = NO;
				DEBUG_INFORMATION_FORMAT = dwarf;
				ENABLE_STRICT_OBJC_MSGSEND = YES;
				ENABLE_TESTABILITY = YES;
				GCC_C_LANGUAGE_STANDARD = gnu11;
				GCC_DYNAMIC_NO_PIC = NO;
				GCC_NO_COMMON_BLOCKS = YES;
				GCC_OPTIMIZATION_LEVEL = 0;
				GCC_PREPROCESSOR_DEFINITIONS = (
					"DEBUG=1",
					"$(inherited)",
				);
				GCC_WARN_64_TO_32_BIT_CONVERSION = YES;
				GCC_WARN_ABOUT_RETURN_TYPE = YES_ERROR;
				GCC_WARN_UNDECLARED_SELECTOR = YES;
				GCC_WARN_UNINITIALIZED_AUTOS = YES_AGGRESSIVE;
				GCC_WARN_UNUSED_FUNCTION = YES;
				GCC_WARN_UNUSED_VARIABLE = YES;
				IPHONEOS_DEPLOYMENT_TARGET = 12.2;
				MTL_ENABLE_DEBUG_INFO = INCLUDE_SOURCE;
				MTL_FAST_MATH = YES;
				ONLY_ACTIVE_ARCH = YES;
				SDKROOT = iphoneos;
			};
			name = Debug;
		};
		BA32583D2275EC890026767D /* Release */ = {
			isa = XCBuildConfiguration;
			buildSettings = {
				ALWAYS_SEARCH_USER_PATHS = NO;
				CLANG_ANALYZER_NONNULL = YES;
				CLANG_ANALYZER_NUMBER_OBJECT_CONVERSION = YES_AGGRESSIVE;
				CLANG_CXX_LANGUAGE_STANDARD = "gnu++14";
				CLANG_CXX_LIBRARY = "libc++";
				CLANG_ENABLE_MODULES = YES;
				CLANG_ENABLE_OBJC_ARC = YES;
				CLANG_ENABLE_OBJC_WEAK = YES;
				CLANG_WARN_BLOCK_CAPTURE_AUTORELEASING = YES;
				CLANG_WARN_BOOL_CONVERSION = YES;
				CLANG_WARN_COMMA = YES;
				CLANG_WARN_CONSTANT_CONVERSION = YES;
				CLANG_WARN_DEPRECATED_OBJC_IMPLEMENTATIONS = YES;
				CLANG_WARN_DIRECT_OBJC_ISA_USAGE = YES_ERROR;
				CLANG_WARN_DOCUMENTATION_COMMENTS = YES;
				CLANG_WARN_EMPTY_BODY = YES;
				CLANG_WARN_ENUM_CONVERSION = YES;
				CLANG_WARN_INFINITE_RECURSION = YES;
				CLANG_WARN_INT_CONVERSION = YES;
				CLANG_WARN_NON_LITERAL_NULL_CONVERSION = YES;
				CLANG_WARN_OBJC_IMPLICIT_RETAIN_SELF = YES;
				CLANG_WARN_OBJC_LITERAL_CONVERSION = YES;
				CLANG_WARN_OBJC_ROOT_CLASS = YES_ERROR;
				CLANG_WARN_RANGE_LOOP_ANALYSIS = YES;
				CLANG_WARN_STRICT_PROTOTYPES = YES;
				CLANG_WARN_SUSPICIOUS_MOVE = YES;
				CLANG_WARN_UNGUARDED_AVAILABILITY = YES_AGGRESSIVE;
				CLANG_WARN_UNREACHABLE_CODE = YES;
				CLANG_WARN__DUPLICATE_METHOD_MATCH = YES;
				CODE_SIGN_IDENTITY = "iPhone Developer";
				COPY_PHASE_STRIP = NO;
				DEBUG_INFORMATION_FORMAT = "dwarf-with-dsym";
				ENABLE_NS_ASSERTIONS = NO;
				ENABLE_STRICT_OBJC_MSGSEND = YES;
				GCC_C_LANGUAGE_STANDARD = gnu11;
				GCC_NO_COMMON_BLOCKS = YES;
				GCC_WARN_64_TO_32_BIT_CONVERSION = YES;
				GCC_WARN_ABOUT_RETURN_TYPE = YES_ERROR;
				GCC_WARN_UNDECLARED_SELECTOR = YES;
				GCC_WARN_UNINITIALIZED_AUTOS = YES_AGGRESSIVE;
				GCC_WARN_UNUSED_FUNCTION = YES;
				GCC_WARN_UNUSED_VARIABLE = YES;
				IPHONEOS_DEPLOYMENT_TARGET = 12.2;
				MTL_ENABLE_DEBUG_INFO = NO;
				MTL_FAST_MATH = YES;
				SDKROOT = iphoneos;
				VALIDATE_PRODUCT = YES;
			};
			name = Release;
		};
		BA32583F2275EC890026767D /* Debug */ = {
			isa = XCBuildConfiguration;
			buildSettings = {
				CODE_SIGN_STYLE = Automatic;
				OTHER_LDFLAGS = "-ObjC";
				PRODUCT_NAME = "$(TARGET_NAME)";
				SKIP_INSTALL = YES;
				TARGETED_DEVICE_FAMILY = "1,2";
			};
			name = Debug;
		};
		BA3258402275EC890026767D /* Release */ = {
			isa = XCBuildConfiguration;
			buildSettings = {
				CODE_SIGN_STYLE = Automatic;
				OTHER_LDFLAGS = "-ObjC";
				PRODUCT_NAME = "$(TARGET_NAME)";
				SKIP_INSTALL = YES;
				TARGETED_DEVICE_FAMILY = "1,2";
			};
			name = Release;
		};
		BA3258582275ED940026767D /* Debug */ = {
			isa = XCBuildConfiguration;
			buildSettings = {
				ASSETCATALOG_COMPILER_APPICON_NAME = AppIcon;
				CODE_SIGN_STYLE = Automatic;
				INFOPLIST_FILE = IQServiceDemo/Info.plist;
				IPHONEOS_DEPLOYMENT_TARGET = 9.0;
				LD_RUNPATH_SEARCH_PATHS = (
					"$(inherited)",
					"@executable_path/Frameworks",
				);
				PRODUCT_BUNDLE_IDENTIFIER = com.lobster.IQServiceDemo;
				PRODUCT_NAME = "$(TARGET_NAME)";
				TARGETED_DEVICE_FAMILY = "1,2";
			};
			name = Debug;
		};
		BA3258592275ED940026767D /* Release */ = {
			isa = XCBuildConfiguration;
			buildSettings = {
				ASSETCATALOG_COMPILER_APPICON_NAME = AppIcon;
				CODE_SIGN_STYLE = Automatic;
				INFOPLIST_FILE = IQServiceDemo/Info.plist;
				IPHONEOS_DEPLOYMENT_TARGET = 9.0;
				LD_RUNPATH_SEARCH_PATHS = (
					"$(inherited)",
					"@executable_path/Frameworks",
				);
				PRODUCT_BUNDLE_IDENTIFIER = com.lobster.IQServiceDemo;
				PRODUCT_NAME = "$(TARGET_NAME)";
				TARGETED_DEVICE_FAMILY = "1,2";
			};
			name = Release;
		};
/* End XCBuildConfiguration section */

/* Begin XCConfigurationList section */
		BA3258302275EC890026767D /* Build configuration list for PBXProject "IQService" */ = {
			isa = XCConfigurationList;
			buildConfigurations = (
				BA32583C2275EC890026767D /* Debug */,
				BA32583D2275EC890026767D /* Release */,
			);
			defaultConfigurationIsVisible = 0;
			defaultConfigurationName = Release;
		};
		BA32583E2275EC890026767D /* Build configuration list for PBXNativeTarget "IQService" */ = {
			isa = XCConfigurationList;
			buildConfigurations = (
				BA32583F2275EC890026767D /* Debug */,
				BA3258402275EC890026767D /* Release */,
			);
			defaultConfigurationIsVisible = 0;
			defaultConfigurationName = Release;
		};
		BA32585A2275ED940026767D /* Build configuration list for PBXNativeTarget "IQServiceDemo" */ = {
			isa = XCConfigurationList;
			buildConfigurations = (
				BA3258582275ED940026767D /* Debug */,
				BA3258592275ED940026767D /* Release */,
			);
			defaultConfigurationIsVisible = 0;
			defaultConfigurationName = Release;
		};
/* End XCConfigurationList section */
	};
	rootObject = BA32582D2275EC890026767D /* Project object */;
}
